
Microsoft Visual Studio Solution File, Format Version 12.00
# Visual Studio Version 17
VisualStudioVersion = 17.13.35919.96
MinimumVisualStudioVersion = 10.0.40219.1
Project("{FAE04EC0-301F-11D3-BF4B-00C04F79EFBC}") = "MediaPlayerOS Csharp_WPF Test Edition", "MediaPlayerOS Csharp_WPF Test Edition\MediaPlayerOS Csharp_WPF Test Edition.csproj", "{001E49A4-3464-4755-818E-9B31E371C543}"
EndProject
Global
	GlobalSection(SolutionConfigurationPlatforms) = preSolution
		Debug|Any CPU = Debug|Any CPU
		Release|Any CPU = Release|Any CPU
	EndGlobalSection
	GlobalSection(ProjectConfigurationPlatforms) = postSolution
		{001E49A4-3464-4755-818E-9B31E371C543}.Debug|Any CPU.ActiveCfg = Debug|Any CPU
		{001E49A4-3464-4755-818E-9B31E371C543}.Debug|Any CPU.Build.0 = Debug|Any CPU
		{001E49A4-3464-4755-818E-9B31E371C543}.Release|Any CPU.ActiveCfg = Release|Any CPU
		{001E49A4-3464-4755-818E-9B31E371C543}.Release|Any CPU.Build.0 = Release|Any CPU
	EndGlobalSection
	GlobalSection(SolutionProperties) = preSolution
		HideSolutionNode = FALSE
	EndGlobalSection
	GlobalSection(ExtensibilityGlobals) = postSolution
		SolutionGuid = {6E761265-71E3-45EF-99F1-7BDFA6196570}
	EndGlobalSection
EndGlobal
