
Microsoft Visual Studio Solution File, Format Version 12.00
# Visual Studio Version 17
VisualStudioVersion = 17.13.35825.156 d17.13
MinimumVisualStudioVersion = 10.0.40219.1
Project("{FAE04EC0-301F-11D3-BF4B-00C04F79EFBC}") = "MediaPlayerOS_WinFormsCsharp_Test", "MediaPlayerOS_WinFormsCsharp_Test\MediaPlayerOS_WinFormsCsharp_Test.csproj", "{1A2F5CDD-433B-497B-AED7-106B3E47CF67}"
EndProject
Global
	GlobalSection(SolutionConfigurationPlatforms) = preSolution
		Debug|Any CPU = Debug|Any CPU
		Release|Any CPU = Release|Any CPU
	EndGlobalSection
	GlobalSection(ProjectConfigurationPlatforms) = postSolution
		{1A2F5CDD-433B-497B-AED7-106B3E47CF67}.Debug|Any CPU.ActiveCfg = Debug|Any CPU
		{1A2F5CDD-433B-497B-AED7-106B3E47CF67}.Debug|Any CPU.Build.0 = Debug|Any CPU
		{1A2F5CDD-433B-497B-AED7-106B3E47CF67}.Release|Any CPU.ActiveCfg = Release|Any CPU
		{1A2F5CDD-433B-497B-AED7-106B3E47CF67}.Release|Any CPU.Build.0 = Release|Any CPU
	EndGlobalSection
	GlobalSection(SolutionProperties) = preSolution
		HideSolutionNode = FALSE
	EndGlobalSection
	GlobalSection(ExtensibilityGlobals) = postSolution
		SolutionGuid = {5E414884-2CA7-4357-83AF-F7EBFC4F582F}
	EndGlobalSection
EndGlobal
